
Microsoft Visual Studio Solution File, Format Version 12.00
# Visual Studio Version 17
VisualStudioVersion = 17.13.35806.99 d17.13
MinimumVisualStudioVersion = 10.0.40219.1
Project("{FAE04EC0-301F-11D3-BF4B-00C04F79EFBC}") = "JwtMinimalApi", "JwtMinimalApi\JwtMinimalApi.csproj", "{51CC630A-1E45-4E5C-8F0C-55A2D0B1EFD0}"
EndProject
Global
	GlobalSection(SolutionConfigurationPlatforms) = preSolution
		Debug|Any CPU = Debug|Any CPU
		Release|Any CPU = Release|Any CPU
	EndGlobalSection
	GlobalSection(ProjectConfigurationPlatforms) = postSolution
		{51CC630A-1E45-4E5C-8F0C-55A2D0B1EFD0}.Debug|Any CPU.ActiveCfg = Debug|Any CPU
		{51CC630A-1E45-4E5C-8F0C-55A2D0B1EFD0}.Debug|Any CPU.Build.0 = Debug|Any CPU
		{51CC630A-1E45-4E5C-8F0C-55A2D0B1EFD0}.Release|Any CPU.ActiveCfg = Release|Any CPU
		{51CC630A-1E45-4E5C-8F0C-55A2D0B1EFD0}.Release|Any CPU.Build.0 = Release|Any CPU
	EndGlobalSection
	GlobalSection(SolutionProperties) = preSolution
		HideSolutionNode = FALSE
	EndGlobalSection
	GlobalSection(ExtensibilityGlobals) = postSolution
		SolutionGuid = {55AECD99-7A8F-4454-858C-B6E4BE4CC423}
	EndGlobalSection
EndGlobal
